{
  "nodes": {
    "nixpkgs": {
      "locked": {
        "lastModified": 1744049787,
        "narHash": "sha256-Xrcdw5arr01TL1pxvtyQGPBCMg8Budp7ejOG5H9u7cE=",
        "owner": "nixos",
        "repo": "nixpkgs",
        "rev": "48382072d09ce1c72f2a6f716afaecd643226542",
        "type": "github"
      },
      "original": {
        "owner": "nixos",
        "repo": "nixpkgs",
        "type": "github"
      }
    },
    "root": {
      "inputs": {
        "nixpkgs": "nixpkgs",
        "rust-overlay": "rust-overlay",
        "unstable": "unstable"
      }
    },
    "rust-overlay": {
      "inputs": {
        "nixpkgs": [
          "unstable"
        ]
      },
      "locked": {
        "lastModified": 1743993291,
        "narHash": "sha256-u8GHvduU1gCtoFXvTS/wGjH1ouv5S/GRGq6MAT+sG/k=",
        "owner": "oxalica",
        "repo": "rust-overlay",
        "rev": "0cb3c8979c65dc6a5812dfe67499a8c7b8b4325b",
        "type": "github"
      },
      "original": {
        "owner": "oxalica",
        "repo": "rust-overlay",
        "type": "github"
      }
    },
    "unstable": {
      "locked": {
        "lastModified": 1743827369,
        "narHash": "sha256-rpqepOZ8Eo1zg+KJeWoq1HAOgoMCDloqv5r2EAa9TSA=",
        "owner": "NixOS",
        "repo": "nixpkgs",
        "rev": "42a1c966be226125b48c384171c44c651c236c22",
        "type": "github"
      },
      "original": {
        "id": "nixpkgs",
        "ref": "nixos-unstable",
        "type": "indirect"
      }
    }
  },
  "root": "root",
  "version": 7
}
